
Microsoft Visual Studio Solution File, Format Version 12.00
# Visual Studio Version 17
VisualStudioVersion = 17.14.36414.22 d17.14
MinimumVisualStudioVersion = 10.0.40219.1
Project("{FAE04EC0-301F-11D3-BF4B-00C04F79EFBC}") = "VarzeaOnline", "VarzeaOnline\VarzeaOnline.csproj", "{57A7E320-06B5-4B38-BCE4-AD5814D88054}"
EndProject
Global
	GlobalSection(SolutionConfigurationPlatforms) = preSolution
		Debug|Any CPU = Debug|Any CPU
		Release|Any CPU = Release|Any CPU
	EndGlobalSection
	GlobalSection(ProjectConfigurationPlatforms) = postSolution
		{57A7E320-06B5-4B38-BCE4-AD5814D88054}.Debug|Any CPU.ActiveCfg = Debug|Any CPU
		{57A7E320-06B5-4B38-BCE4-AD5814D88054}.Debug|Any CPU.Build.0 = Debug|Any CPU
		{57A7E320-06B5-4B38-BCE4-AD5814D88054}.Release|Any CPU.ActiveCfg = Release|Any CPU
		{57A7E320-06B5-4B38-BCE4-AD5814D88054}.Release|Any CPU.Build.0 = Release|Any CPU
	EndGlobalSection
	GlobalSection(SolutionProperties) = preSolution
		HideSolutionNode = FALSE
	EndGlobalSection
	GlobalSection(ExtensibilityGlobals) = postSolution
		SolutionGuid = {F15435DD-033E-4F51-BA93-7274BC2115F2}
	EndGlobalSection
EndGlobal
